# Code generated by scarb DO NOT EDIT.
version = 1

[[package]]
name = "custom_uri"
version = "0.1.0"
source = "git+https://github.com/starknet-id/custom_uri_component?rev=e59d4d00cfecccb1681fad1862eb835df76184cf#e59d4d00cfecccb1681fad1862eb835df76184cf"

[[package]]
name = "openzeppelin"
version = "0.13.0"
source = "git+https://github.com/OpenZeppelin/cairo-contracts.git?tag=v0.13.0#978b4e75209da355667d8954d2450e32bd71fe49"

[[package]]
name = "twitter_nft_contract"
version = "0.1.0"
dependencies = [
 "custom_uri",
 "openzeppelin",
]